
Microsoft Visual Studio Solution File, Format Version 12.00
# Visual Studio Version 16
VisualStudioVersion = 16.0.29215.179
MinimumVisualStudioVersion = 10.0.40219.1
Project("{FAE04EC0-301F-11D3-BF4B-00C04F79EFBC}") = "tic-tac-toe-2axis", "tic-tac-toe-2axis\tic-tac-toe-2axis.csproj", "{AB364424-5DFF-42E8-9810-993A698E7243}"
EndProject
Global
	GlobalSection(SolutionConfigurationPlatforms) = preSolution
		Debug|Any CPU = Debug|Any CPU
		Release|Any CPU = Release|Any CPU
	EndGlobalSection
	GlobalSection(ProjectConfigurationPlatforms) = postSolution
		{AB364424-5DFF-42E8-9810-993A698E7243}.Debug|Any CPU.ActiveCfg = Debug|Any CPU
		{AB364424-5DFF-42E8-9810-993A698E7243}.Debug|Any CPU.Build.0 = Debug|Any CPU
		{AB364424-5DFF-42E8-9810-993A698E7243}.Release|Any CPU.ActiveCfg = Release|Any CPU
		{AB364424-5DFF-42E8-9810-993A698E7243}.Release|Any CPU.Build.0 = Release|Any CPU
	EndGlobalSection
	GlobalSection(SolutionProperties) = preSolution
		HideSolutionNode = FALSE
	EndGlobalSection
	GlobalSection(ExtensibilityGlobals) = postSolution
		SolutionGuid = {CF424080-8B9B-4B10-BC69-B6540F523C19}
	EndGlobalSection
EndGlobal
